{
  "name": "node-hello",
  "version": "1.0.0",
  "lockfileVersion": 3,
  "requires": true,
  "packages": {
    "": {
      "name": "node-hello",
      "version": "1.0.0",
      "license": "ISC"
    }
  },
  "dependencies": {
    "express": "^4.17.1",
    "cors": "^2.8.5",
    "dotenv": "^16.0.0"
  },
  "devDependencies": {
    "nodemon": "^2.0.15"
  },
  "scripts": {
    "start": "node index.js",
    "dev": "nodemon index.js"
  }
}
